// !$*UTF8*$!
{
	archiveVersion = 1;
	classes = {
	};
	objectVersion = 56;
	objects = {

/* Begin PBXBuildFile section */
		6D3ACDF72BF38D9800AD6146 /* CustomButton.swift in Sources */ = {isa = PBXBuildFile; fileRef = 6D3ACDF62BF38D9800AD6146 /* CustomButton.swift */; };
		6D5EC5B52BF395BB008B1F45 /* UIColor.swift in Sources */ = {isa = PBXBuildFile; fileRef = 6D5EC5B42BF395BB008B1F45 /* UIColor.swift */; };
		6D61AD1C2BD410C50001D1E4 /* HomePageViewController.swift in Sources */ = {isa = PBXBuildFile; fileRef = 6D61AD1B2BD410C50001D1E4 /* HomePageViewController.swift */; };
		6D61AD1E2BD44FDE0001D1E4 /* GoogleService-Info.plist in Resources */ = {isa = PBXBuildFile; fileRef = 6D61AD1D2BD44FDE0001D1E4 /* GoogleService-Info.plist */; };
		6D61AD202BD4635B0001D1E4 /* QuestionViewController.swift in Sources */ = {isa = PBXBuildFile; fileRef = 6D61AD1F2BD4635B0001D1E4 /* QuestionViewController.swift */; };
		6D61AD222BD463A10001D1E4 /* NotesViewController.swift in Sources */ = {isa = PBXBuildFile; fileRef = 6D61AD212BD463A10001D1E4 /* NotesViewController.swift */; };
		6D61AD242BD463C40001D1E4 /* MaterialsViewController.swift in Sources */ = {isa = PBXBuildFile; fileRef = 6D61AD232BD463C40001D1E4 /* MaterialsViewController.swift */; };
		6D61AD282BD473FB0001D1E4 /* SignInViewController.swift in Sources */ = {isa = PBXBuildFile; fileRef = 6D61AD272BD473FB0001D1E4 /* SignInViewController.swift */; };
		6D61AD2C2BD4743F0001D1E4 /* SignUpViewController.swift in Sources */ = {isa = PBXBuildFile; fileRef = 6D61AD2B2BD4743F0001D1E4 /* SignUpViewController.swift */; };
		6D63E0F22C04F11B00F4ED20 /* SDWebImage in Frameworks */ = {isa = PBXBuildFile; productRef = 6D63E0F12C04F11B00F4ED20 /* SDWebImage */; };
		6D63E0F42C04F11B00F4ED20 /* SDWebImageMapKit in Frameworks */ = {isa = PBXBuildFile; productRef = 6D63E0F32C04F11B00F4ED20 /* SDWebImageMapKit */; };
		6D9547E22C10A9B800341096 /* MessageViewController.swift in Sources */ = {isa = PBXBuildFile; fileRef = 6D9547E12C10A9B800341096 /* MessageViewController.swift */; };
		6D9A64262C0F37E80028B0F0 /* SaveTableViewCell.swift in Sources */ = {isa = PBXBuildFile; fileRef = 6D9A64252C0F37E80028B0F0 /* SaveTableViewCell.swift */; };
		6DBA439E2C108AB50075497E /* AddNoteViewController.swift in Sources */ = {isa = PBXBuildFile; fileRef = 6DBA439D2C108AB50075497E /* AddNoteViewController.swift */; };
		6DBA43A02C108E3D0075497E /* Note.swift in Sources */ = {isa = PBXBuildFile; fileRef = 6DBA439F2C108E3D0075497E /* Note.swift */; };
		6DBA43A22C1095E40075497E /* Material.swift in Sources */ = {isa = PBXBuildFile; fileRef = 6DBA43A12C1095E30075497E /* Material.swift */; };
		6DBA43A42C109A570075497E /* MaterialCollectionViewCell.swift in Sources */ = {isa = PBXBuildFile; fileRef = 6DBA43A32C109A570075497E /* MaterialCollectionViewCell.swift */; };
		6DBC88F42BBACCFF00B0E2C6 /* AppDelegate.swift in Sources */ = {isa = PBXBuildFile; fileRef = 6DBC88F32BBACCFF00B0E2C6 /* AppDelegate.swift */; };
		6DBC88F62BBACCFF00B0E2C6 /* SceneDelegate.swift in Sources */ = {isa = PBXBuildFile; fileRef = 6DBC88F52BBACCFF00B0E2C6 /* SceneDelegate.swift */; };
		6DBC88F82BBACCFF00B0E2C6 /* ViewController.swift in Sources */ = {isa = PBXBuildFile; fileRef = 6DBC88F72BBACCFF00B0E2C6 /* ViewController.swift */; };
		6DBC88FB2BBACCFF00B0E2C6 /* Base in Resources */ = {isa = PBXBuildFile; fileRef = 6DBC88FA2BBACCFF00B0E2C6 /* Base */; };
		6DBC88FD2BBACD0000B0E2C6 /* Assets.xcassets in Resources */ = {isa = PBXBuildFile; fileRef = 6DBC88FC2BBACD0000B0E2C6 /* Assets.xcassets */; };
		6DBC89002BBACD0000B0E2C6 /* Base in Resources */ = {isa = PBXBuildFile; fileRef = 6DBC88FF2BBACD0000B0E2C6 /* Base */; };
		6DBC890B2BBACD0000B0E2C6 /* QuenstionMonsterTests.swift in Sources */ = {isa = PBXBuildFile; fileRef = 6DBC890A2BBACD0000B0E2C6 /* QuenstionMonsterTests.swift */; };
		6DBC89152BBACD0000B0E2C6 /* QuenstionMonsterUITests.swift in Sources */ = {isa = PBXBuildFile; fileRef = 6DBC89142BBACD0000B0E2C6 /* QuenstionMonsterUITests.swift */; };
		6DBC89172BBACD0000B0E2C6 /* QuenstionMonsterUITestsLaunchTests.swift in Sources */ = {isa = PBXBuildFile; fileRef = 6DBC89162BBACD0000B0E2C6 /* QuenstionMonsterUITestsLaunchTests.swift */; };
		6DBC89252BBAD51700B0E2C6 /* FirebaseAnalytics in Frameworks */ = {isa = PBXBuildFile; productRef = 6DBC89242BBAD51700B0E2C6 /* FirebaseAnalytics */; };
		6DBC89272BBAD51700B0E2C6 /* FirebaseAuth in Frameworks */ = {isa = PBXBuildFile; productRef = 6DBC89262BBAD51700B0E2C6 /* FirebaseAuth */; };
		6DBC89292BBAD51700B0E2C6 /* FirebaseFirestore in Frameworks */ = {isa = PBXBuildFile; productRef = 6DBC89282BBAD51700B0E2C6 /* FirebaseFirestore */; };
		6DBC892B2BBAD51700B0E2C6 /* FirebaseStorage in Frameworks */ = {isa = PBXBuildFile; productRef = 6DBC892A2BBAD51700B0E2C6 /* FirebaseStorage */; };
		6DC755742BF283BA000B510E /* TableViewCell.swift in Sources */ = {isa = PBXBuildFile; fileRef = 6DC755732BF283BA000B510E /* TableViewCell.swift */; };
		6DD9CCC42C064FAC00A00954 /* SavedViewController.swift in Sources */ = {isa = PBXBuildFile; fileRef = 6DD9CCC32C064FAC00A00954 /* SavedViewController.swift */; };
		6DE9FC702BF01866003E3CAE /* AddQuestionViewController.swift in Sources */ = {isa = PBXBuildFile; fileRef = 6DE9FC6F2BF01866003E3CAE /* AddQuestionViewController.swift */; };
/* End PBXBuildFile section */

/* Begin PBXContainerItemProxy section */
		6DBC89072BBACD0000B0E2C6 /* PBXContainerItemProxy */ = {
			isa = PBXContainerItemProxy;
			containerPortal = 6DBC88E82BBACCFF00B0E2C6 /* Project object */;
			proxyType = 1;
			remoteGlobalIDString = 6DBC88EF2BBACCFF00B0E2C6;
			remoteInfo = QuenstionMonster;
		};
		6DBC89112BBACD0000B0E2C6 /* PBXContainerItemProxy */ = {
			isa = PBXContainerItemProxy;
			containerPortal = 6DBC88E82BBACCFF00B0E2C6 /* Project object */;
			proxyType = 1;
			remoteGlobalIDString = 6DBC88EF2BBACCFF00B0E2C6;
			remoteInfo = QuenstionMonster;
		};
/* End PBXContainerItemProxy section */

/* Begin PBXFileReference section */
		6D3ACDF62BF38D9800AD6146 /* CustomButton.swift */ = {isa = PBXFileReference; lastKnownFileType = sourcecode.swift; path = CustomButton.swift; sourceTree = "<group>"; };
		6D5EC5B42BF395BB008B1F45 /* UIColor.swift */ = {isa = PBXFileReference; lastKnownFileType = sourcecode.swift; path = UIColor.swift; sourceTree = "<group>"; };
		6D61AD1B2BD410C50001D1E4 /* HomePageViewController.swift */ = {isa = PBXFileReference; lastKnownFileType = sourcecode.swift; path = HomePageViewController.swift; sourceTree = "<group>"; };
		6D61AD1D2BD44FDE0001D1E4 /* GoogleService-Info.plist */ = {isa = PBXFileReference; fileEncoding = 4; lastKnownFileType = text.plist.xml; path = "GoogleService-Info.plist"; sourceTree = "<group>"; };
		6D61AD1F2BD4635B0001D1E4 /* QuestionViewController.swift */ = {isa = PBXFileReference; lastKnownFileType = sourcecode.swift; path = QuestionViewController.swift; sourceTree = "<group>"; };
		6D61AD212BD463A10001D1E4 /* NotesViewController.swift */ = {isa = PBXFileReference; lastKnownFileType = sourcecode.swift; path = NotesViewController.swift; sourceTree = "<group>"; };
		6D61AD232BD463C40001D1E4 /* MaterialsViewController.swift */ = {isa = PBXFileReference; lastKnownFileType = sourcecode.swift; path = MaterialsViewController.swift; sourceTree = "<group>"; };
		6D61AD272BD473FB0001D1E4 /* SignInViewController.swift */ = {isa = PBXFileReference; lastKnownFileType = sourcecode.swift; path = SignInViewController.swift; sourceTree = "<group>"; };
		6D61AD2B2BD4743F0001D1E4 /* SignUpViewController.swift */ = {isa = PBXFileReference; lastKnownFileType = sourcecode.swift; path = SignUpViewController.swift; sourceTree = "<group>"; };
		6D9547E12C10A9B800341096 /* MessageViewController.swift */ = {isa = PBXFileReference; lastKnownFileType = sourcecode.swift; path = MessageViewController.swift; sourceTree = "<group>"; };
		6D9A64252C0F37E80028B0F0 /* SaveTableViewCell.swift */ = {isa = PBXFileReference; lastKnownFileType = sourcecode.swift; path = SaveTableViewCell.swift; sourceTree = "<group>"; };
		6DBA439D2C108AB50075497E /* AddNoteViewController.swift */ = {isa = PBXFileReference; lastKnownFileType = sourcecode.swift; path = AddNoteViewController.swift; sourceTree = "<group>"; };
		6DBA439F2C108E3D0075497E /* Note.swift */ = {isa = PBXFileReference; lastKnownFileType = sourcecode.swift; path = Note.swift; sourceTree = "<group>"; };
		6DBA43A12C1095E30075497E /* Material.swift */ = {isa = PBXFileReference; lastKnownFileType = sourcecode.swift; path = Material.swift; sourceTree = "<group>"; };
		6DBA43A32C109A570075497E /* MaterialCollectionViewCell.swift */ = {isa = PBXFileReference; lastKnownFileType = sourcecode.swift; path = MaterialCollectionViewCell.swift; sourceTree = "<group>"; };
		6DBC88F02BBACCFF00B0E2C6 /* QuenstionMonster.app */ = {isa = PBXFileReference; explicitFileType = wrapper.application; includeInIndex = 0; path = QuenstionMonster.app; sourceTree = BUILT_PRODUCTS_DIR; };
		6DBC88F32BBACCFF00B0E2C6 /* AppDelegate.swift */ = {isa = PBXFileReference; lastKnownFileType = sourcecode.swift; path = AppDelegate.swift; sourceTree = "<group>"; };
		6DBC88F52BBACCFF00B0E2C6 /* SceneDelegate.swift */ = {isa = PBXFileReference; lastKnownFileType = sourcecode.swift; path = SceneDelegate.swift; sourceTree = "<group>"; };
		6DBC88F72BBACCFF00B0E2C6 /* ViewController.swift */ = {isa = PBXFileReference; lastKnownFileType = sourcecode.swift; path = ViewController.swift; sourceTree = "<group>"; };
		6DBC88FA2BBACCFF00B0E2C6 /* Base */ = {isa = PBXFileReference; lastKnownFileType = file.storyboard; name = Base; path = Base.lproj/Main.storyboard; sourceTree = "<group>"; };
		6DBC88FC2BBACD0000B0E2C6 /* Assets.xcassets */ = {isa = PBXFileReference; lastKnownFileType = folder.assetcatalog; path = Assets.xcassets; sourceTree = "<group>"; };
		6DBC88FF2BBACD0000B0E2C6 /* Base */ = {isa = PBXFileReference; lastKnownFileType = file.storyboard; name = Base; path = Base.lproj/LaunchScreen.storyboard; sourceTree = "<group>"; };
		6DBC89012BBACD0000B0E2C6 /* Info.plist */ = {isa = PBXFileReference; lastKnownFileType = text.plist.xml; path = Info.plist; sourceTree = "<group>"; };
		6DBC89062BBACD0000B0E2C6 /* QuenstionMonsterTests.xctest */ = {isa = PBXFileReference; explicitFileType = wrapper.cfbundle; includeInIndex = 0; path = QuenstionMonsterTests.xctest; sourceTree = BUILT_PRODUCTS_DIR; };
		6DBC890A2BBACD0000B0E2C6 /* QuenstionMonsterTests.swift */ = {isa = PBXFileReference; lastKnownFileType = sourcecode.swift; path = QuenstionMonsterTests.swift; sourceTree = "<group>"; };
		6DBC89102BBACD0000B0E2C6 /* QuenstionMonsterUITests.xctest */ = {isa = PBXFileReference; explicitFileType = wrapper.cfbundle; includeInIndex = 0; path = QuenstionMonsterUITests.xctest; sourceTree = BUILT_PRODUCTS_DIR; };
		6DBC89142BBACD0000B0E2C6 /* QuenstionMonsterUITests.swift */ = {isa = PBXFileReference; lastKnownFileType = sourcecode.swift; path = QuenstionMonsterUITests.swift; sourceTree = "<group>"; };
		6DBC89162BBACD0000B0E2C6 /* QuenstionMonsterUITestsLaunchTests.swift */ = {isa = PBXFileReference; lastKnownFileType = sourcecode.swift; path = QuenstionMonsterUITestsLaunchTests.swift; sourceTree = "<group>"; };
		6DC755732BF283BA000B510E /* TableViewCell.swift */ = {isa = PBXFileReference; lastKnownFileType = sourcecode.swift; path = TableViewCell.swift; sourceTree = "<group>"; };
		6DD9CCC32C064FAC00A00954 /* SavedViewController.swift */ = {isa = PBXFileReference; lastKnownFileType = sourcecode.swift; path = SavedViewController.swift; sourceTree = "<group>"; };
		6DE9FC6F2BF01866003E3CAE /* AddQuestionViewController.swift */ = {isa = PBXFileReference; lastKnownFileType = sourcecode.swift; path = AddQuestionViewController.swift; sourceTree = "<group>"; };
/* End PBXFileReference section */

/* Begin PBXFrameworksBuildPhase section */
		6DBC88ED2BBACCFF00B0E2C6 /* Frameworks */ = {
			isa = PBXFrameworksBuildPhase;
			buildActionMask = 2147483647;
			files = (
				6DBC89252BBAD51700B0E2C6 /* FirebaseAnalytics in Frameworks */,
				6DBC892B2BBAD51700B0E2C6 /* FirebaseStorage in Frameworks */,
				6DBC89272BBAD51700B0E2C6 /* FirebaseAuth in Frameworks */,
				6DBC89292BBAD51700B0E2C6 /* FirebaseFirestore in Frameworks */,
				6D63E0F42C04F11B00F4ED20 /* SDWebImageMapKit in Frameworks */,
				6D63E0F22C04F11B00F4ED20 /* SDWebImage in Frameworks */,
			);
			runOnlyForDeploymentPostprocessing = 0;
		};
		6DBC89032BBACD0000B0E2C6 /* Frameworks */ = {
			isa = PBXFrameworksBuildPhase;
			buildActionMask = 2147483647;
			files = (
			);
			runOnlyForDeploymentPostprocessing = 0;
		};
		6DBC890D2BBACD0000B0E2C6 /* Frameworks */ = {
			isa = PBXFrameworksBuildPhase;
			buildActionMask = 2147483647;
			files = (
			);
			runOnlyForDeploymentPostprocessing = 0;
		};
/* End PBXFrameworksBuildPhase section */

/* Begin PBXGroup section */
		6DBC88E72BBACCFF00B0E2C6 = {
			isa = PBXGroup;
			children = (
				6DBC88F22BBACCFF00B0E2C6 /* QuenstionMonster */,
				6DBC89092BBACD0000B0E2C6 /* QuenstionMonsterTests */,
				6DBC89132BBACD0000B0E2C6 /* QuenstionMonsterUITests */,
				6DBC88F12BBACCFF00B0E2C6 /* Products */,
			);
			sourceTree = "<group>";
		};
		6DBC88F12BBACCFF00B0E2C6 /* Products */ = {
			isa = PBXGroup;
			children = (
				6DBC88F02BBACCFF00B0E2C6 /* QuenstionMonster.app */,
				6DBC89062BBACD0000B0E2C6 /* QuenstionMonsterTests.xctest */,
				6DBC89102BBACD0000B0E2C6 /* QuenstionMonsterUITests.xctest */,
			);
			name = Products;
			sourceTree = "<group>";
		};
		6DBC88F22BBACCFF00B0E2C6 /* QuenstionMonster */ = {
			isa = PBXGroup;
			children = (
				6DBC88F32BBACCFF00B0E2C6 /* AppDelegate.swift */,
				6DBC88F52BBACCFF00B0E2C6 /* SceneDelegate.swift */,
				6D61AD1B2BD410C50001D1E4 /* HomePageViewController.swift */,
				6D61AD272BD473FB0001D1E4 /* SignInViewController.swift */,
				6D61AD2B2BD4743F0001D1E4 /* SignUpViewController.swift */,
				6DE9FC6F2BF01866003E3CAE /* AddQuestionViewController.swift */,
				6D61AD1F2BD4635B0001D1E4 /* QuestionViewController.swift */,
				6D61AD232BD463C40001D1E4 /* MaterialsViewController.swift */,
				6DD9CCC32C064FAC00A00954 /* SavedViewController.swift */,
				6D61AD212BD463A10001D1E4 /* NotesViewController.swift */,
				6DBC88F72BBACCFF00B0E2C6 /* ViewController.swift */,
				6D9547E12C10A9B800341096 /* MessageViewController.swift */,
				6DC755732BF283BA000B510E /* TableViewCell.swift */,
				6D9A64252C0F37E80028B0F0 /* SaveTableViewCell.swift */,
				6D3ACDF62BF38D9800AD6146 /* CustomButton.swift */,
				6DBA439D2C108AB50075497E /* AddNoteViewController.swift */,
				6DBA43A32C109A570075497E /* MaterialCollectionViewCell.swift */,
				6DBA43A12C1095E30075497E /* Material.swift */,
				6DBA439F2C108E3D0075497E /* Note.swift */,
				6DBC88F92BBACCFF00B0E2C6 /* Main.storyboard */,
				6DBC88FC2BBACD0000B0E2C6 /* Assets.xcassets */,
				6D5EC5B42BF395BB008B1F45 /* UIColor.swift */,
				6DBC88FE2BBACD0000B0E2C6 /* LaunchScreen.storyboard */,
				6DBC89012BBACD0000B0E2C6 /* Info.plist */,
				6D61AD1D2BD44FDE0001D1E4 /* GoogleService-Info.plist */,
			);
			path = QuenstionMonster;
			sourceTree = "<group>";
		};
		6DBC89092BBACD0000B0E2C6 /* QuenstionMonsterTests */ = {
			isa = PBXGroup;
			children = (
				6DBC890A2BBACD0000B0E2C6 /* QuenstionMonsterTests.swift */,
			);
			path = QuenstionMonsterTests;
			sourceTree = "<group>";
		};
		6DBC89132BBACD0000B0E2C6 /* QuenstionMonsterUITests */ = {
			isa = PBXGroup;
			children = (
				6DBC89142BBACD0000B0E2C6 /* QuenstionMonsterUITests.swift */,
				6DBC89162BBACD0000B0E2C6 /* QuenstionMonsterUITestsLaunchTests.swift */,
			);
			path = QuenstionMonsterUITests;
			sourceTree = "<group>";
		};
/* End PBXGroup section */

/* Begin PBXNativeTarget section */
		6DBC88EF2BBACCFF00B0E2C6 /* QuenstionMonster */ = {
			isa = PBXNativeTarget;
			buildConfigurationList = 6DBC891A2BBACD0000B0E2C6 /* Build configuration list for PBXNativeTarget "QuenstionMonster" */;
			buildPhases = (
				6DBC88EC2BBACCFF00B0E2C6 /* Sources */,
				6DBC88ED2BBACCFF00B0E2C6 /* Frameworks */,
				6DBC88EE2BBACCFF00B0E2C6 /* Resources */,
			);
			buildRules = (
			);
			dependencies = (
			);
			name = QuenstionMonster;
			packageProductDependencies = (
				6DBC89242BBAD51700B0E2C6 /* FirebaseAnalytics */,
				6DBC89262BBAD51700B0E2C6 /* FirebaseAuth */,
				6DBC89282BBAD51700B0E2C6 /* FirebaseFirestore */,
				6DBC892A2BBAD51700B0E2C6 /* FirebaseStorage */,
				6D63E0F12C04F11B00F4ED20 /* SDWebImage */,
				6D63E0F32C04F11B00F4ED20 /* SDWebImageMapKit */,
			);
			productName = QuenstionMonster;
			productReference = 6DBC88F02BBACCFF00B0E2C6 /* QuenstionMonster.app */;
			productType = "com.apple.product-type.application";
		};
		6DBC89052BBACD0000B0E2C6 /* QuenstionMonsterTests */ = {
			isa = PBXNativeTarget;
			buildConfigurationList = 6DBC891D2BBACD0000B0E2C6 /* Build configuration list for PBXNativeTarget "QuenstionMonsterTests" */;
			buildPhases = (
				6DBC89022BBACD0000B0E2C6 /* Sources */,
				6DBC89032BBACD0000B0E2C6 /* Frameworks */,
				6DBC89042BBACD0000B0E2C6 /* Resources */,
			);
			buildRules = (
			);
			dependencies = (
				6DBC89082BBACD0000B0E2C6 /* PBXTargetDependency */,
			);
			name = QuenstionMonsterTests;
			productName = QuenstionMonsterTests;
			productReference = 6DBC89062BBACD0000B0E2C6 /* QuenstionMonsterTests.xctest */;
			productType = "com.apple.product-type.bundle.unit-test";
		};
		6DBC890F2BBACD0000B0E2C6 /* QuenstionMonsterUITests */ = {
			isa = PBXNativeTarget;
			buildConfigurationList = 6DBC89202BBACD0000B0E2C6 /* Build configuration list for PBXNativeTarget "QuenstionMonsterUITests" */;
			buildPhases = (
				6DBC890C2BBACD0000B0E2C6 /* Sources */,
				6DBC890D2BBACD0000B0E2C6 /* Frameworks */,
				6DBC890E2BBACD0000B0E2C6 /* Resources */,
			);
			buildRules = (
			);
			dependencies = (
				6DBC89122BBACD0000B0E2C6 /* PBXTargetDependency */,
			);
			name = QuenstionMonsterUITests;
			productName = QuenstionMonsterUITests;
			productReference = 6DBC89102BBACD0000B0E2C6 /* QuenstionMonsterUITests.xctest */;
			productType = "com.apple.product-type.bundle.ui-testing";
		};
/* End PBXNativeTarget section */

/* Begin PBXProject section */
		6DBC88E82BBACCFF00B0E2C6 /* Project object */ = {
			isa = PBXProject;
			attributes = {
				BuildIndependentTargetsInParallel = 1;
				LastSwiftUpdateCheck = 1530;
				LastUpgradeCheck = 1530;
				TargetAttributes = {
					6DBC88EF2BBACCFF00B0E2C6 = {
						CreatedOnToolsVersion = 15.3;
					};
					6DBC89052BBACD0000B0E2C6 = {
						CreatedOnToolsVersion = 15.3;
						TestTargetID = 6DBC88EF2BBACCFF00B0E2C6;
					};
					6DBC890F2BBACD0000B0E2C6 = {
						CreatedOnToolsVersion = 15.3;
						TestTargetID = 6DBC88EF2BBACCFF00B0E2C6;
					};
				};
			};
			buildConfigurationList = 6DBC88EB2BBACCFF00B0E2C6 /* Build configuration list for PBXProject "QuenstionMonster" */;
			compatibilityVersion = "Xcode 14.0";
			developmentRegion = en;
			hasScannedForEncodings = 0;
			knownRegions = (
				en,
				Base,
			);
			mainGroup = 6DBC88E72BBACCFF00B0E2C6;
			packageReferences = (
				6DBC89232BBAD51700B0E2C6 /* XCRemoteSwiftPackageReference "firebase-ios-sdk" */,
				6D63E0F02C04F11B00F4ED20 /* XCRemoteSwiftPackageReference "SDWebImage" */,
			);
			productRefGroup = 6DBC88F12BBACCFF00B0E2C6 /* Products */;
			projectDirPath = "";
			projectRoot = "";
			targets = (
				6DBC88EF2BBACCFF00B0E2C6 /* QuenstionMonster */,
				6DBC89052BBACD0000B0E2C6 /* QuenstionMonsterTests */,
				6DBC890F2BBACD0000B0E2C6 /* QuenstionMonsterUITests */,
			);
		};
/* End PBXProject section */

/* Begin PBXResourcesBuildPhase section */
		6DBC88EE2BBACCFF00B0E2C6 /* Resources */ = {
			isa = PBXResourcesBuildPhase;
			buildActionMask = 2147483647;
			files = (
				6DBC88FD2BBACD0000B0E2C6 /* Assets.xcassets in Resources */,
				6D61AD1E2BD44FDE0001D1E4 /* GoogleService-Info.plist in Resources */,
				6DBC89002BBACD0000B0E2C6 /* Base in Resources */,
				6DBC88FB2BBACCFF00B0E2C6 /* Base in Resources */,
			);
			runOnlyForDeploymentPostprocessing = 0;
		};
		6DBC89042BBACD0000B0E2C6 /* Resources */ = {
			isa = PBXResourcesBuildPhase;
			buildActionMask = 2147483647;
			files = (
			);
			runOnlyForDeploymentPostprocessing = 0;
		};
		6DBC890E2BBACD0000B0E2C6 /* Resources */ = {
			isa = PBXResourcesBuildPhase;
			buildActionMask = 2147483647;
			files = (
			);
			runOnlyForDeploymentPostprocessing = 0;
		};
/* End PBXResourcesBuildPhase section */

/* Begin PBXSourcesBuildPhase section */
		6DBC88EC2BBACCFF00B0E2C6 /* Sources */ = {
			isa = PBXSourcesBuildPhase;
			buildActionMask = 2147483647;
			files = (
				6DC755742BF283BA000B510E /* TableViewCell.swift in Sources */,
				6D61AD1C2BD410C50001D1E4 /* HomePageViewController.swift in Sources */,
				6D61AD202BD4635B0001D1E4 /* QuestionViewController.swift in Sources */,
				6DD9CCC42C064FAC00A00954 /* SavedViewController.swift in Sources */,
				6DBA43A02C108E3D0075497E /* Note.swift in Sources */,
				6DBA439E2C108AB50075497E /* AddNoteViewController.swift in Sources */,
				6D9A64262C0F37E80028B0F0 /* SaveTableViewCell.swift in Sources */,
				6DE9FC702BF01866003E3CAE /* AddQuestionViewController.swift in Sources */,
				6D5EC5B52BF395BB008B1F45 /* UIColor.swift in Sources */,
				6D3ACDF72BF38D9800AD6146 /* CustomButton.swift in Sources */,
				6DBA43A22C1095E40075497E /* Material.swift in Sources */,
				6DBA43A42C109A570075497E /* MaterialCollectionViewCell.swift in Sources */,
				6D61AD222BD463A10001D1E4 /* NotesViewController.swift in Sources */,
				6D61AD242BD463C40001D1E4 /* MaterialsViewController.swift in Sources */,
				6D9547E22C10A9B800341096 /* MessageViewController.swift in Sources */,
				6D61AD2C2BD4743F0001D1E4 /* SignUpViewController.swift in Sources */,
				6DBC88F82BBACCFF00B0E2C6 /* ViewController.swift in Sources */,
				6D61AD282BD473FB0001D1E4 /* SignInViewController.swift in Sources */,
				6DBC88F42BBACCFF00B0E2C6 /* AppDelegate.swift in Sources */,
				6DBC88F62BBACCFF00B0E2C6 /* SceneDelegate.swift in Sources */,
			);
			runOnlyForDeploymentPostprocessing = 0;
		};
		6DBC89022BBACD0000B0E2C6 /* Sources */ = {
			isa = PBXSourcesBuildPhase;
			buildActionMask = 2147483647;
			files = (
				6DBC890B2BBACD0000B0E2C6 /* QuenstionMonsterTests.swift in Sources */,
			);
			runOnlyForDeploymentPostprocessing = 0;
		};
		6DBC890C2BBACD0000B0E2C6 /* Sources */ = {
			isa = PBXSourcesBuildPhase;
			buildActionMask = 2147483647;
			files = (
				6DBC89172BBACD0000B0E2C6 /* QuenstionMonsterUITestsLaunchTests.swift in Sources */,
				6DBC89152BBACD0000B0E2C6 /* QuenstionMonsterUITests.swift in Sources */,
			);
			runOnlyForDeploymentPostprocessing = 0;
		};
/* End PBXSourcesBuildPhase section */

/* Begin PBXTargetDependency section */
		6DBC89082BBACD0000B0E2C6 /* PBXTargetDependency */ = {
			isa = PBXTargetDependency;
			target = 6DBC88EF2BBACCFF00B0E2C6 /* QuenstionMonster */;
			targetProxy = 6DBC89072BBACD0000B0E2C6 /* PBXContainerItemProxy */;
		};
		6DBC89122BBACD0000B0E2C6 /* PBXTargetDependency */ = {
			isa = PBXTargetDependency;
			target = 6DBC88EF2BBACCFF00B0E2C6 /* QuenstionMonster */;
			targetProxy = 6DBC89112BBACD0000B0E2C6 /* PBXContainerItemProxy */;
		};
/* End PBXTargetDependency section */

/* Begin PBXVariantGroup section */
		6DBC88F92BBACCFF00B0E2C6 /* Main.storyboard */ = {
			isa = PBXVariantGroup;
			children = (
				6DBC88FA2BBACCFF00B0E2C6 /* Base */,
			);
			name = Main.storyboard;
			sourceTree = "<group>";
		};
		6DBC88FE2BBACD0000B0E2C6 /* LaunchScreen.storyboard */ = {
			isa = PBXVariantGroup;
			children = (
				6DBC88FF2BBACD0000B0E2C6 /* Base */,
			);
			name = LaunchScreen.storyboard;
			sourceTree = "<group>";
		};
/* End PBXVariantGroup section */

/* Begin XCBuildConfiguration section */
		6DBC89182BBACD0000B0E2C6 /* Debug */ = {
			isa = XCBuildConfiguration;
			buildSettings = {
				ALWAYS_SEARCH_USER_PATHS = NO;
				ASSETCATALOG_COMPILER_GENERATE_SWIFT_ASSET_SYMBOL_EXTENSIONS = YES;
				CLANG_ANALYZER_NONNULL = YES;
				CLANG_ANALYZER_NUMBER_OBJECT_CONVERSION = YES_AGGRESSIVE;
				CLANG_CXX_LANGUAGE_STANDARD = "gnu++20";
				CLANG_ENABLE_MODULES = YES;
				CLANG_ENABLE_OBJC_ARC = YES;
				CLANG_ENABLE_OBJC_WEAK = YES;
				CLANG_WARN_BLOCK_CAPTURE_AUTORELEASING = YES;
				CLANG_WARN_BOOL_CONVERSION = YES;
				CLANG_WARN_COMMA = YES;
				CLANG_WARN_CONSTANT_CONVERSION = YES;
				CLANG_WARN_DEPRECATED_OBJC_IMPLEMENTATIONS = YES;
				CLANG_WARN_DIRECT_OBJC_ISA_USAGE = YES_ERROR;
				CLANG_WARN_DOCUMENTATION_COMMENTS = YES;
				CLANG_WARN_EMPTY_BODY = YES;
				CLANG_WARN_ENUM_CONVERSION = YES;
				CLANG_WARN_INFINITE_RECURSION = YES;
				CLANG_WARN_INT_CONVERSION = YES;
				CLANG_WARN_NON_LITERAL_NULL_CONVERSION = YES;
				CLANG_WARN_OBJC_IMPLICIT_RETAIN_SELF = YES;
				CLANG_WARN_OBJC_LITERAL_CONVERSION = YES;
				CLANG_WARN_OBJC_ROOT_CLASS = YES_ERROR;
				CLANG_WARN_QUOTED_INCLUDE_IN_FRAMEWORK_HEADER = YES;
				CLANG_WARN_RANGE_LOOP_ANALYSIS = YES;
				CLANG_WARN_STRICT_PROTOTYPES = YES;
				CLANG_WARN_SUSPICIOUS_MOVE = YES;
				CLANG_WARN_UNGUARDED_AVAILABILITY = YES_AGGRESSIVE;
				CLANG_WARN_UNREACHABLE_CODE = YES;
				CLANG_WARN__DUPLICATE_METHOD_MATCH = YES;
				COPY_PHASE_STRIP = NO;
				DEBUG_INFORMATION_FORMAT = dwarf;
				ENABLE_STRICT_OBJC_MSGSEND = YES;
				ENABLE_TESTABILITY = YES;
				ENABLE_USER_SCRIPT_SANDBOXING = YES;
				GCC_C_LANGUAGE_STANDARD = gnu17;
				GCC_DYNAMIC_NO_PIC = NO;
				GCC_NO_COMMON_BLOCKS = YES;
				GCC_OPTIMIZATION_LEVEL = 0;
				GCC_PREPROCESSOR_DEFINITIONS = (
					"DEBUG=1",
					"$(inherited)",
				);
				GCC_WARN_64_TO_32_BIT_CONVERSION = YES;
				GCC_WARN_ABOUT_RETURN_TYPE = YES_ERROR;
				GCC_WARN_UNDECLARED_SELECTOR = YES;
				GCC_WARN_UNINITIALIZED_AUTOS = YES_AGGRESSIVE;
				GCC_WARN_UNUSED_FUNCTION = YES;
				GCC_WARN_UNUSED_VARIABLE = YES;
				IPHONEOS_DEPLOYMENT_TARGET = 17.4;
				LOCALIZATION_PREFERS_STRING_CATALOGS = YES;
				MTL_ENABLE_DEBUG_INFO = INCLUDE_SOURCE;
				MTL_FAST_MATH = YES;
				ONLY_ACTIVE_ARCH = YES;
				SDKROOT = iphoneos;
				SWIFT_ACTIVE_COMPILATION_CONDITIONS = "DEBUG $(inherited)";
				SWIFT_OPTIMIZATION_LEVEL = "-Onone";
			};
			name = Debug;
		};
		6DBC89192BBACD0000B0E2C6 /* Release */ = {
			isa = XCBuildConfiguration;
			buildSettings = {
				ALWAYS_SEARCH_USER_PATHS = NO;
				ASSETCATALOG_COMPILER_GENERATE_SWIFT_ASSET_SYMBOL_EXTENSIONS = YES;
				CLANG_ANALYZER_NONNULL = YES;
				CLANG_ANALYZER_NUMBER_OBJECT_CONVERSION = YES_AGGRESSIVE;
				CLANG_CXX_LANGUAGE_STANDARD = "gnu++20";
				CLANG_ENABLE_MODULES = YES;
				CLANG_ENABLE_OBJC_ARC = YES;
				CLANG_ENABLE_OBJC_WEAK = YES;
				CLANG_WARN_BLOCK_CAPTURE_AUTORELEASING = YES;
				CLANG_WARN_BOOL_CONVERSION = YES;
				CLANG_WARN_COMMA = YES;
				CLANG_WARN_CONSTANT_CONVERSION = YES;
				CLANG_WARN_DEPRECATED_OBJC_IMPLEMENTATIONS = YES;
				CLANG_WARN_DIRECT_OBJC_ISA_USAGE = YES_ERROR;
				CLANG_WARN_DOCUMENTATION_COMMENTS = YES;
				CLANG_WARN_EMPTY_BODY = YES;
				CLANG_WARN_ENUM_CONVERSION = YES;
				CLANG_WARN_INFINITE_RECURSION = YES;
				CLANG_WARN_INT_CONVERSION = YES;
				CLANG_WARN_NON_LITERAL_NULL_CONVERSION = YES;
				CLANG_WARN_OBJC_IMPLICIT_RETAIN_SELF = YES;
				CLANG_WARN_OBJC_LITERAL_CONVERSION = YES;
				CLANG_WARN_OBJC_ROOT_CLASS = YES_ERROR;
				CLANG_WARN_QUOTED_INCLUDE_IN_FRAMEWORK_HEADER = YES;
				CLANG_WARN_RANGE_LOOP_ANALYSIS = YES;
				CLANG_WARN_STRICT_PROTOTYPES = YES;
				CLANG_WARN_SUSPICIOUS_MOVE = YES;
				CLANG_WARN_UNGUARDED_AVAILABILITY = YES_AGGRESSIVE;
				CLANG_WARN_UNREACHABLE_CODE = YES;
				CLANG_WARN__DUPLICATE_METHOD_MATCH = YES;
				COPY_PHASE_STRIP = NO;
				DEBUG_INFORMATION_FORMAT = "dwarf-with-dsym";
				ENABLE_NS_ASSERTIONS = NO;
				ENABLE_STRICT_OBJC_MSGSEND = YES;
				ENABLE_USER_SCRIPT_SANDBOXING = YES;
				GCC_C_LANGUAGE_STANDARD = gnu17;
				GCC_NO_COMMON_BLOCKS = YES;
				GCC_WARN_64_TO_32_BIT_CONVERSION = YES;
				GCC_WARN_ABOUT_RETURN_TYPE = YES_ERROR;
				GCC_WARN_UNDECLARED_SELECTOR = YES;
				GCC_WARN_UNINITIALIZED_AUTOS = YES_AGGRESSIVE;
				GCC_WARN_UNUSED_FUNCTION = YES;
				GCC_WARN_UNUSED_VARIABLE = YES;
				IPHONEOS_DEPLOYMENT_TARGET = 17.4;
				LOCALIZATION_PREFERS_STRING_CATALOGS = YES;
				MTL_ENABLE_DEBUG_INFO = NO;
				MTL_FAST_MATH = YES;
				SDKROOT = iphoneos;
				SWIFT_COMPILATION_MODE = wholemodule;
				VALIDATE_PRODUCT = YES;
			};
			name = Release;
		};
		6DBC891B2BBACD0000B0E2C6 /* Debug */ = {
			isa = XCBuildConfiguration;
			buildSettings = {
				ASSETCATALOG_COMPILER_APPICON_NAME = AppIcon;
				ASSETCATALOG_COMPILER_GLOBAL_ACCENT_COLOR_NAME = AccentColor;
				CODE_SIGN_STYLE = Automatic;
				CURRENT_PROJECT_VERSION = 1;
				DEVELOPMENT_TEAM = Q6L5C5XTZ2;
				GENERATE_INFOPLIST_FILE = YES;
				INFOPLIST_FILE = QuenstionMonster/Info.plist;
				INFOPLIST_KEY_NSPhotoLibraryUsageDescription = "To Choose a Photo";
				INFOPLIST_KEY_UIApplicationSupportsIndirectInputEvents = YES;
				INFOPLIST_KEY_UILaunchStoryboardName = LaunchScreen;
				INFOPLIST_KEY_UIMainStoryboardFile = Main;
				INFOPLIST_KEY_UISupportedInterfaceOrientations_iPad = "UIInterfaceOrientationPortrait UIInterfaceOrientationPortraitUpsideDown UIInterfaceOrientationLandscapeLeft UIInterfaceOrientationLandscapeRight";
				INFOPLIST_KEY_UISupportedInterfaceOrientations_iPhone = "UIInterfaceOrientationPortrait UIInterfaceOrientationLandscapeLeft UIInterfaceOrientationLandscapeRight";
				LD_RUNPATH_SEARCH_PATHS = (
					"$(inherited)",
					"@executable_path/Frameworks",
				);
				MARKETING_VERSION = 1.0;
				PRODUCT_BUNDLE_IDENTIFIER = com.myApp.sevdaabbasi.QuenstionMonster;
				PRODUCT_NAME = "$(TARGET_NAME)";
				SWIFT_EMIT_LOC_STRINGS = YES;
				SWIFT_VERSION = 5.0;
				TARGETED_DEVICE_FAMILY = "1,2";
			};
			name = Debug;
		};
		6DBC891C2BBACD0000B0E2C6 /* Release */ = {
			isa = XCBuildConfiguration;
			buildSettings = {
				ASSETCATALOG_COMPILER_APPICON_NAME = AppIcon;
				ASSETCATALOG_COMPILER_GLOBAL_ACCENT_COLOR_NAME = AccentColor;
				CODE_SIGN_STYLE = Automatic;
				CURRENT_PROJECT_VERSION = 1;
				DEVELOPMENT_TEAM = Q6L5C5XTZ2;
				GENERATE_INFOPLIST_FILE = YES;
				INFOPLIST_FILE = QuenstionMonster/Info.plist;
				INFOPLIST_KEY_NSPhotoLibraryUsageDescription = "To Choose a Photo";
				INFOPLIST_KEY_UIApplicationSupportsIndirectInputEvents = YES;
				INFOPLIST_KEY_UILaunchStoryboardName = LaunchScreen;
				INFOPLIST_KEY_UIMainStoryboardFile = Main;
				INFOPLIST_KEY_UISupportedInterfaceOrientations_iPad = "UIInterfaceOrientationPortrait UIInterfaceOrientationPortraitUpsideDown UIInterfaceOrientationLandscapeLeft UIInterfaceOrientationLandscapeRight";
				INFOPLIST_KEY_UISupportedInterfaceOrientations_iPhone = "UIInterfaceOrientationPortrait UIInterfaceOrientationLandscapeLeft UIInterfaceOrientationLandscapeRight";
				LD_RUNPATH_SEARCH_PATHS = (
					"$(inherited)",
					"@executable_path/Frameworks",
				);
				MARKETING_VERSION = 1.0;
				PRODUCT_BUNDLE_IDENTIFIER = com.myApp.sevdaabbasi.QuenstionMonster;
				PRODUCT_NAME = "$(TARGET_NAME)";
				SWIFT_EMIT_LOC_STRINGS = YES;
				SWIFT_VERSION = 5.0;
				TARGETED_DEVICE_FAMILY = "1,2";
			};
			name = Release;
		};
		6DBC891E2BBACD0000B0E2C6 /* Debug */ = {
			isa = XCBuildConfiguration;
			buildSettings = {
				ALWAYS_EMBED_SWIFT_STANDARD_LIBRARIES = YES;
				BUNDLE_LOADER = "$(TEST_HOST)";
				CODE_SIGN_STYLE = Automatic;
				CURRENT_PROJECT_VERSION = 1;
				DEVELOPMENT_TEAM = Q6L5C5XTZ2;
				GENERATE_INFOPLIST_FILE = YES;
				IPHONEOS_DEPLOYMENT_TARGET = 17.4;
				MARKETING_VERSION = 1.0;
				PRODUCT_BUNDLE_IDENTIFIER = com.myApp.sevdaabbasi.QuenstionMonsterTests;
				PRODUCT_NAME = "$(TARGET_NAME)";
				SWIFT_EMIT_LOC_STRINGS = NO;
				SWIFT_VERSION = 5.0;
				TARGETED_DEVICE_FAMILY = "1,2";
				TEST_HOST = "$(BUILT_PRODUCTS_DIR)/QuenstionMonster.app/$(BUNDLE_EXECUTABLE_FOLDER_PATH)/QuenstionMonster";
			};
			name = Debug;
		};
		6DBC891F2BBACD0000B0E2C6 /* Release */ = {
			isa = XCBuildConfiguration;
			buildSettings = {
				ALWAYS_EMBED_SWIFT_STANDARD_LIBRARIES = YES;
				BUNDLE_LOADER = "$(TEST_HOST)";
				CODE_SIGN_STYLE = Automatic;
				CURRENT_PROJECT_VERSION = 1;
				DEVELOPMENT_TEAM = Q6L5C5XTZ2;
				GENERATE_INFOPLIST_FILE = YES;
				IPHONEOS_DEPLOYMENT_TARGET = 17.4;
				MARKETING_VERSION = 1.0;
				PRODUCT_BUNDLE_IDENTIFIER = com.myApp.sevdaabbasi.QuenstionMonsterTests;
				PRODUCT_NAME = "$(TARGET_NAME)";
				SWIFT_EMIT_LOC_STRINGS = NO;
				SWIFT_VERSION = 5.0;
				TARGETED_DEVICE_FAMILY = "1,2";
				TEST_HOST = "$(BUILT_PRODUCTS_DIR)/QuenstionMonster.app/$(BUNDLE_EXECUTABLE_FOLDER_PATH)/QuenstionMonster";
			};
			name = Release;
		};
		6DBC89212BBACD0000B0E2C6 /* Debug */ = {
			isa = XCBuildConfiguration;
			buildSettings = {
				ALWAYS_EMBED_SWIFT_STANDARD_LIBRARIES = YES;
				CODE_SIGN_STYLE = Automatic;
				CURRENT_PROJECT_VERSION = 1;
				DEVELOPMENT_TEAM = Q6L5C5XTZ2;
				GENERATE_INFOPLIST_FILE = YES;
				MARKETING_VERSION = 1.0;
				PRODUCT_BUNDLE_IDENTIFIER = com.myApp.sevdaabbasi.QuenstionMonsterUITests;
				PRODUCT_NAME = "$(TARGET_NAME)";
				SWIFT_EMIT_LOC_STRINGS = NO;
				SWIFT_VERSION = 5.0;
				TARGETED_DEVICE_FAMILY = "1,2";
				TEST_TARGET_NAME = QuenstionMonster;
			};
			name = Debug;
		};
		6DBC89222BBACD0000B0E2C6 /* Release */ = {
			isa = XCBuildConfiguration;
			buildSettings = {
				ALWAYS_EMBED_SWIFT_STANDARD_LIBRARIES = YES;
				CODE_SIGN_STYLE = Automatic;
				CURRENT_PROJECT_VERSION = 1;
				DEVELOPMENT_TEAM = Q6L5C5XTZ2;
				GENERATE_INFOPLIST_FILE = YES;
				MARKETING_VERSION = 1.0;
				PRODUCT_BUNDLE_IDENTIFIER = com.myApp.sevdaabbasi.QuenstionMonsterUITests;
				PRODUCT_NAME = "$(TARGET_NAME)";
				SWIFT_EMIT_LOC_STRINGS = NO;
				SWIFT_VERSION = 5.0;
				TARGETED_DEVICE_FAMILY = "1,2";
				TEST_TARGET_NAME = QuenstionMonster;
			};
			name = Release;
		};
/* End XCBuildConfiguration section */

/* Begin XCConfigurationList section */
		6DBC88EB2BBACCFF00B0E2C6 /* Build configuration list for PBXProject "QuenstionMonster" */ = {
			isa = XCConfigurationList;
			buildConfigurations = (
				6DBC89182BBACD0000B0E2C6 /* Debug */,
				6DBC89192BBACD0000B0E2C6 /* Release */,
			);
			defaultConfigurationIsVisible = 0;
			defaultConfigurationName = Release;
		};
		6DBC891A2BBACD0000B0E2C6 /* Build configuration list for PBXNativeTarget "QuenstionMonster" */ = {
			isa = XCConfigurationList;
			buildConfigurations = (
				6DBC891B2BBACD0000B0E2C6 /* Debug */,
				6DBC891C2BBACD0000B0E2C6 /* Release */,
			);
			defaultConfigurationIsVisible = 0;
			defaultConfigurationName = Release;
		};
		6DBC891D2BBACD0000B0E2C6 /* Build configuration list for PBXNativeTarget "QuenstionMonsterTests" */ = {
			isa = XCConfigurationList;
			buildConfigurations = (
				6DBC891E2BBACD0000B0E2C6 /* Debug */,
				6DBC891F2BBACD0000B0E2C6 /* Release */,
			);
			defaultConfigurationIsVisible = 0;
			defaultConfigurationName = Release;
		};
		6DBC89202BBACD0000B0E2C6 /* Build configuration list for PBXNativeTarget "QuenstionMonsterUITests" */ = {
			isa = XCConfigurationList;
			buildConfigurations = (
				6DBC89212BBACD0000B0E2C6 /* Debug */,
				6DBC89222BBACD0000B0E2C6 /* Release */,
			);
			defaultConfigurationIsVisible = 0;
			defaultConfigurationName = Release;
		};
/* End XCConfigurationList section */

/* Begin XCRemoteSwiftPackageReference section */
		6D63E0F02C04F11B00F4ED20 /* XCRemoteSwiftPackageReference "SDWebImage" */ = {
			isa = XCRemoteSwiftPackageReference;
			repositoryURL = "https://github.com/SDWebImage/SDWebImage.git";
			requirement = {
				kind = upToNextMajorVersion;
				minimumVersion = 5.19.2;
			};
		};
		6DBC89232BBAD51700B0E2C6 /* XCRemoteSwiftPackageReference "firebase-ios-sdk" */ = {
			isa = XCRemoteSwiftPackageReference;
			repositoryURL = "https://github.com/firebase/firebase-ios-sdk.git";
			requirement = {
				kind = upToNextMajorVersion;
				minimumVersion = 10.23.1;
			};
		};
/* End XCRemoteSwiftPackageReference section */

/* Begin XCSwiftPackageProductDependency section */
		6D63E0F12C04F11B00F4ED20 /* SDWebImage */ = {
			isa = XCSwiftPackageProductDependency;
			package = 6D63E0F02C04F11B00F4ED20 /* XCRemoteSwiftPackageReference "SDWebImage" */;
			productName = SDWebImage;
		};
		6D63E0F32C04F11B00F4ED20 /* SDWebImageMapKit */ = {
			isa = XCSwiftPackageProductDependency;
			package = 6D63E0F02C04F11B00F4ED20 /* XCRemoteSwiftPackageReference "SDWebImage" */;
			productName = SDWebImageMapKit;
		};
		6DBC89242BBAD51700B0E2C6 /* FirebaseAnalytics */ = {
			isa = XCSwiftPackageProductDependency;
			package = 6DBC89232BBAD51700B0E2C6 /* XCRemoteSwiftPackageReference "firebase-ios-sdk" */;
			productName = FirebaseAnalytics;
		};
		6DBC89262BBAD51700B0E2C6 /* FirebaseAuth */ = {
			isa = XCSwiftPackageProductDependency;
			package = 6DBC89232BBAD51700B0E2C6 /* XCRemoteSwiftPackageReference "firebase-ios-sdk" */;
			productName = FirebaseAuth;
		};
		6DBC89282BBAD51700B0E2C6 /* FirebaseFirestore */ = {
			isa = XCSwiftPackageProductDependency;
			package = 6DBC89232BBAD51700B0E2C6 /* XCRemoteSwiftPackageReference "firebase-ios-sdk" */;
			productName = FirebaseFirestore;
		};
		6DBC892A2BBAD51700B0E2C6 /* FirebaseStorage */ = {
			isa = XCSwiftPackageProductDependency;
			package = 6DBC89232BBAD51700B0E2C6 /* XCRemoteSwiftPackageReference "firebase-ios-sdk" */;
			productName = FirebaseStorage;
		};
/* End XCSwiftPackageProductDependency section */
	};
	rootObject = 6DBC88E82BBACCFF00B0E2C6 /* Project object */;
}
